PODS:
  - YYKit (1.0.9):
    - YYKit/no-arc (= 1.0.9)
  - YYKit/no-arc (1.0.9)

DEPENDENCIES:
  - YYKit (~> 1.0.9)

SPEC REPOS:
  https://github.com/CocoaPods/Specs.git:
    - YYKit

SPEC CHECKSUMS:
  YYKit: 7cda43304a8dc3696c449041e2cb3107b4e236e7

PODFILE CHECKSUM: 7789fb7a13c15473e1782d1a0b275ad3bfbd25b7

COCOAPODS: 1.5.0
