// !$*UTF8*$!
{
	archiveVersion = 1;
	classes = {
	};
	objectVersion = 50;
	objects = {

/* Begin PBXBuildFile section */
		2C21F265D4BEA110C2AEE5DF /* libPods-HJAvatar.a in Frameworks */ = {isa = PBXBuildFile; fileRef = 7633C45592D90A3E1A7267C6 /* libPods-HJAvatar.a */; };
		81A449FF2094197B00BE57F1 /* AppDelegate.m in Sources */ = {isa = PBXBuildFile; fileRef = 81A449FE2094197B00BE57F1 /* AppDelegate.m */; };
		81A44A022094197B00BE57F1 /* ViewController.m in Sources */ = {isa = PBXBuildFile; fileRef = 81A44A012094197B00BE57F1 /* ViewController.m */; };
		81A44A052094197B00BE57F1 /* Main.storyboard in Resources */ = {isa = PBXBuildFile; fileRef = 81A44A032094197B00BE57F1 /* Main.storyboard */; };
		81A44A072094197C00BE57F1 /* Assets.xcassets in Resources */ = {isa = PBXBuildFile; fileRef = 81A44A062094197C00BE57F1 /* Assets.xcassets */; };
		81A44A0A2094197C00BE57F1 /* LaunchScreen.storyboard in Resources */ = {isa = PBXBuildFile; fileRef = 81A44A082094197C00BE57F1 /* LaunchScreen.storyboard */; };
		81A44A0D2094197C00BE57F1 /* main.m in Sources */ = {isa = PBXBuildFile; fileRef = 81A44A0C2094197C00BE57F1 /* main.m */; };
		81A44A15209423D900BE57F1 /* HJAvatarView.m in Sources */ = {isa = PBXBuildFile; fileRef = 81A44A14209423D900BE57F1 /* HJAvatarView.m */; };
/* End PBXBuildFile section */

/* Begin PBXFileReference section */
		2AC2F90677B4B3D0FB8689C1 /* Pods-HJAvatar.debug.xcconfig */ = {isa = PBXFileReference; includeInIndex = 1; lastKnownFileType = text.xcconfig; name = "Pods-HJAvatar.debug.xcconfig"; path = "Pods/Target Support Files/Pods-HJAvatar/Pods-HJAvatar.debug.xcconfig"; sourceTree = "<group>"; };
		6957675E187A66C2F25DC348 /* Pods-HJAvatar.release.xcconfig */ = {isa = PBXFileReference; includeInIndex = 1; lastKnownFileType = text.xcconfig; name = "Pods-HJAvatar.release.xcconfig"; path = "Pods/Target Support Files/Pods-HJAvatar/Pods-HJAvatar.release.xcconfig"; sourceTree = "<group>"; };
		7633C45592D90A3E1A7267C6 /* libPods-HJAvatar.a */ = {isa = PBXFileReference; explicitFileType = archive.ar; includeInIndex = 0; path = "libPods-HJAvatar.a"; sourceTree = BUILT_PRODUCTS_DIR; };
		81A449FA2094197B00BE57F1 /* HJAvatar.app */ = {isa = PBXFileReference; explicitFileType = wrapper.application; includeInIndex = 0; path = HJAvatar.app; sourceTree = BUILT_PRODUCTS_DIR; };
		81A449FD2094197B00BE57F1 /* AppDelegate.h */ = {isa = PBXFileReference; lastKnownFileType = sourcecode.c.h; path = AppDelegate.h; sourceTree = "<group>"; };
		81A449FE2094197B00BE57F1 /* AppDelegate.m */ = {isa = PBXFileReference; lastKnownFileType = sourcecode.c.objc; path = AppDelegate.m; sourceTree = "<group>"; };
		81A44A002094197B00BE57F1 /* ViewController.h */ = {isa = PBXFileReference; lastKnownFileType = sourcecode.c.h; path = ViewController.h; sourceTree = "<group>"; };
		81A44A012094197B00BE57F1 /* ViewController.m */ = {isa = PBXFileReference; lastKnownFileType = sourcecode.c.objc; path = ViewController.m; sourceTree = "<group>"; };
		81A44A042094197B00BE57F1 /* Base */ = {isa = PBXFileReference; lastKnownFileType = file.storyboard; name = Base; path = Base.lproj/Main.storyboard; sourceTree = "<group>"; };
		81A44A062094197C00BE57F1 /* Assets.xcassets */ = {isa = PBXFileReference; lastKnownFileType = folder.assetcatalog; path = Assets.xcassets; sourceTree = "<group>"; };
		81A44A092094197C00BE57F1 /* Base */ = {isa = PBXFileReference; lastKnownFileType = file.storyboard; name = Base; path = Base.lproj/LaunchScreen.storyboard; sourceTree = "<group>"; };
		81A44A0B2094197C00BE57F1 /* Info.plist */ = {isa = PBXFileReference; lastKnownFileType = text.plist.xml; path = Info.plist; sourceTree = "<group>"; };
		81A44A0C2094197C00BE57F1 /* main.m */ = {isa = PBXFileReference; lastKnownFileType = sourcecode.c.objc; path = main.m; sourceTree = "<group>"; };
		81A44A13209423D900BE57F1 /* HJAvatarView.h */ = {isa = PBXFileReference; lastKnownFileType = sourcecode.c.h; path = HJAvatarView.h; sourceTree = "<group>"; };
		81A44A14209423D900BE57F1 /* HJAvatarView.m */ = {isa = PBXFileReference; lastKnownFileType = sourcecode.c.objc; path = HJAvatarView.m; sourceTree = "<group>"; };
/* End PBXFileReference section */

/* Begin PBXFrameworksBuildPhase section */
		81A449F72094197B00BE57F1 /* Frameworks */ = {
			isa = PBXFrameworksBuildPhase;
			buildActionMask = 2147483647;
			files = (
				2C21F265D4BEA110C2AEE5DF /* libPods-HJAvatar.a in Frameworks */,
			);
			runOnlyForDeploymentPostprocessing = 0;
		};
/* End PBXFrameworksBuildPhase section */

/* Begin PBXGroup section */
		81A449F12094197B00BE57F1 = {
			isa = PBXGroup;
			children = (
				81A449FC2094197B00BE57F1 /* HJAvatar */,
				81A449FB2094197B00BE57F1 /* Products */,
				887DEB917C74AEF8B807231F /* Pods */,
				E2DFABB29AD6987F038E4C5D /* Frameworks */,
			);
			sourceTree = "<group>";
		};
		81A449FB2094197B00BE57F1 /* Products */ = {
			isa = PBXGroup;
			children = (
				81A449FA2094197B00BE57F1 /* HJAvatar.app */,
			);
			name = Products;
			sourceTree = "<group>";
		};
		81A449FC2094197B00BE57F1 /* HJAvatar */ = {
			isa = PBXGroup;
			children = (
				81A449FD2094197B00BE57F1 /* AppDelegate.h */,
				81A449FE2094197B00BE57F1 /* AppDelegate.m */,
				81A44A002094197B00BE57F1 /* ViewController.h */,
				81A44A012094197B00BE57F1 /* ViewController.m */,
				81A44A032094197B00BE57F1 /* Main.storyboard */,
				81A44A062094197C00BE57F1 /* Assets.xcassets */,
				81A44A082094197C00BE57F1 /* LaunchScreen.storyboard */,
				81A44A0B2094197C00BE57F1 /* Info.plist */,
				81A44A0C2094197C00BE57F1 /* main.m */,
				81A44A13209423D900BE57F1 /* HJAvatarView.h */,
				81A44A14209423D900BE57F1 /* HJAvatarView.m */,
			);
			path = HJAvatar;
			sourceTree = "<group>";
		};
		887DEB917C74AEF8B807231F /* Pods */ = {
			isa = PBXGroup;
			children = (
				2AC2F90677B4B3D0FB8689C1 /* Pods-HJAvatar.debug.xcconfig */,
				6957675E187A66C2F25DC348 /* Pods-HJAvatar.release.xcconfig */,
			);
			name = Pods;
			sourceTree = "<group>";
		};
		E2DFABB29AD6987F038E4C5D /* Frameworks */ = {
			isa = PBXGroup;
			children = (
				7633C45592D90A3E1A7267C6 /* libPods-HJAvatar.a */,
			);
			name = Frameworks;
			sourceTree = "<group>";
		};
/* End PBXGroup section */

/* Begin PBXNativeTarget section */
		81A449F92094197B00BE57F1 /* HJAvatar */ = {
			isa = PBXNativeTarget;
			buildConfigurationList = 81A44A102094197C00BE57F1 /* Build configuration list for PBXNativeTarget "HJAvatar" */;
			buildPhases = (
				3374D5987863EB4C8C42F3A1 /* [CP] Check Pods Manifest.lock */,
				81A449F62094197B00BE57F1 /* Sources */,
				81A449F72094197B00BE57F1 /* Frameworks */,
				81A449F82094197B00BE57F1 /* Resources */,
			);
			buildRules = (
			);
			dependencies = (
			);
			name = HJAvatar;
			productName = HJAvatar;
			productReference = 81A449FA2094197B00BE57F1 /* HJAvatar.app */;
			productType = "com.apple.product-type.application";
		};
/* End PBXNativeTarget section */

/* Begin PBXProject section */
		81A449F22094197B00BE57F1 /* Project object */ = {
			isa = PBXProject;
			attributes = {
				LastUpgradeCheck = 0930;
				ORGANIZATIONNAME = ios119;
				TargetAttributes = {
					81A449F92094197B00BE57F1 = {
						CreatedOnToolsVersion = 9.3;
					};
				};
			};
			buildConfigurationList = 81A449F52094197B00BE57F1 /* Build configuration list for PBXProject "HJAvatar" */;
			compatibilityVersion = "Xcode 9.3";
			developmentRegion = en;
			hasScannedForEncodings = 0;
			knownRegions = (
				en,
				Base,
			);
			mainGroup = 81A449F12094197B00BE57F1;
			productRefGroup = 81A449FB2094197B00BE57F1 /* Products */;
			projectDirPath = "";
			projectRoot = "";
			targets = (
				81A449F92094197B00BE57F1 /* HJAvatar */,
			);
		};
/* End PBXProject section */

/* Begin PBXResourcesBuildPhase section */
		81A449F82094197B00BE57F1 /* Resources */ = {
			isa = PBXResourcesBuildPhase;
			buildActionMask = 2147483647;
			files = (
				81A44A0A2094197C00BE57F1 /* LaunchScreen.storyboard in Resources */,
				81A44A072094197C00BE57F1 /* Assets.xcassets in Resources */,
				81A44A052094197B00BE57F1 /* Main.storyboard in Resources */,
			);
			runOnlyForDeploymentPostprocessing = 0;
		};
/* End PBXResourcesBuildPhase section */

/* Begin PBXShellScriptBuildPhase section */
		3374D5987863EB4C8C42F3A1 /* [CP] Check Pods Manifest.lock */ = {
			isa = PBXShellScriptBuildPhase;
			buildActionMask = 2147483647;
			files = (
			);
			inputPaths = (
				"${PODS_PODFILE_DIR_PATH}/Podfile.lock",
				"${PODS_ROOT}/Manifest.lock",
			);
			name = "[CP] Check Pods Manifest.lock";
			outputPaths = (
				"$(DERIVED_FILE_DIR)/Pods-HJAvatar-checkManifestLockResult.txt",
			);
			runOnlyForDeploymentPostprocessing = 0;
			shellPath = /bin/sh;
			shellScript = "diff \"${PODS_PODFILE_DIR_PATH}/Podfile.lock\" \"${PODS_ROOT}/Manifest.lock\" > /dev/null\nif [ $? != 0 ] ; then\n    # print error to STDERR\n    echo \"error: The sandbox is not in sync with the Podfile.lock. Run 'pod install' or update your CocoaPods installation.\" >&2\n    exit 1\nfi\n# This output is used by Xcode 'outputs' to avoid re-running this script phase.\necho \"SUCCESS\" > \"${SCRIPT_OUTPUT_FILE_0}\"\n";
			showEnvVarsInLog = 0;
		};
/* End PBXShellScriptBuildPhase section */

/* Begin PBXSourcesBuildPhase section */
		81A449F62094197B00BE57F1 /* Sources */ = {
			isa = PBXSourcesBuildPhase;
			buildActionMask = 2147483647;
			files = (
				81A44A022094197B00BE57F1 /* ViewController.m in Sources */,
				81A44A15209423D900BE57F1 /* HJAvatarView.m in Sources */,
				81A44A0D2094197C00BE57F1 /* main.m in Sources */,
				81A449FF2094197B00BE57F1 /* AppDelegate.m in Sources */,
			);
			runOnlyForDeploymentPostprocessing = 0;
		};
/* End PBXSourcesBuildPhase section */

/* Begin PBXVariantGroup section */
		81A44A032094197B00BE57F1 /* Main.storyboard */ = {
			isa = PBXVariantGroup;
			children = (
				81A44A042094197B00BE57F1 /* Base */,
			);
			name = Main.storyboard;
			sourceTree = "<group>";
		};
		81A44A082094197C00BE57F1 /* LaunchScreen.storyboard */ = {
			isa = PBXVariantGroup;
			children = (
				81A44A092094197C00BE57F1 /* Base */,
			);
			name = LaunchScreen.storyboard;
			sourceTree = "<group>";
		};
/* End PBXVariantGroup section */

/* Begin XCBuildConfiguration section */
		81A44A0E2094197C00BE57F1 /* Debug */ = {
			isa = XCBuildConfiguration;
			buildSettings = {
				ALWAYS_SEARCH_USER_PATHS = NO;
				CLANG_ANALYZER_NONNULL = YES;
				CLANG_ANALYZER_NUMBER_OBJECT_CONVERSION = YES_AGGRESSIVE;
				CLANG_CXX_LANGUAGE_STANDARD = "gnu++14";
				CLANG_CXX_LIBRARY = "libc++";
				CLANG_ENABLE_MODULES = YES;
				CLANG_ENABLE_OBJC_ARC = YES;
				CLANG_ENABLE_OBJC_WEAK = YES;
				CLANG_WARN_BLOCK_CAPTURE_AUTORELEASING = YES;
				CLANG_WARN_BOOL_CONVERSION = YES;
				CLANG_WARN_COMMA = YES;
				CLANG_WARN_CONSTANT_CONVERSION = YES;
				CLANG_WARN_DEPRECATED_OBJC_IMPLEMENTATIONS = YES;
				CLANG_WARN_DIRECT_OBJC_ISA_USAGE = YES_ERROR;
				CLANG_WARN_DOCUMENTATION_COMMENTS = YES;
				CLANG_WARN_EMPTY_BODY = YES;
				CLANG_WARN_ENUM_CONVERSION = YES;
				CLANG_WARN_INFINITE_RECURSION = YES;
				CLANG_WARN_INT_CONVERSION = YES;
				CLANG_WARN_NON_LITERAL_NULL_CONVERSION = YES;
				CLANG_WARN_OBJC_IMPLICIT_RETAIN_SELF = YES;
				CLANG_WARN_OBJC_LITERAL_CONVERSION = YES;
				CLANG_WARN_OBJC_ROOT_CLASS = YES_ERROR;
				CLANG_WARN_RANGE_LOOP_ANALYSIS = YES;
				CLANG_WARN_STRICT_PROTOTYPES = YES;
				CLANG_WARN_SUSPICIOUS_MOVE = YES;
				CLANG_WARN_UNGUARDED_AVAILABILITY = YES_AGGRESSIVE;
				CLANG_WARN_UNREACHABLE_CODE = YES;
				CLANG_WARN__DUPLICATE_METHOD_MATCH = YES;
				CODE_SIGN_IDENTITY = "iPhone Developer";
				COPY_PHASE_STRIP = NO;
				DEBUG_INFORMATION_FORMAT = dwarf;
				ENABLE_STRICT_OBJC_MSGSEND = YES;
				ENABLE_TESTABILITY = YES;
				GCC_C_LANGUAGE_STANDARD = gnu11;
				GCC_DYNAMIC_NO_PIC = NO;
				GCC_NO_COMMON_BLOCKS = YES;
				GCC_OPTIMIZATION_LEVEL = 0;
				GCC_PREPROCESSOR_DEFINITIONS = (
					"DEBUG=1",
					"$(inherited)",
				);
				GCC_WARN_64_TO_32_BIT_CONVERSION = YES;
				GCC_WARN_ABOUT_RETURN_TYPE = YES_ERROR;
				GCC_WARN_UNDECLARED_SELECTOR = YES;
				GCC_WARN_UNINITIALIZED_AUTOS = YES_AGGRESSIVE;
				GCC_WARN_UNUSED_FUNCTION = YES;
				GCC_WARN_UNUSED_VARIABLE = YES;
				IPHONEOS_DEPLOYMENT_TARGET = 9.0;
				MTL_ENABLE_DEBUG_INFO = YES;
				ONLY_ACTIVE_ARCH = YES;
				SDKROOT = iphoneos;
			};
			name = Debug;
		};
		81A44A0F2094197C00BE57F1 /* Release */ = {
			isa = XCBuildConfiguration;
			buildSettings = {
				ALWAYS_SEARCH_USER_PATHS = NO;
				CLANG_ANALYZER_NONNULL = YES;
				CLANG_ANALYZER_NUMBER_OBJECT_CONVERSION = YES_AGGRESSIVE;
				CLANG_CXX_LANGUAGE_STANDARD = "gnu++14";
				CLANG_CXX_LIBRARY = "libc++";
				CLANG_ENABLE_MODULES = YES;
				CLANG_ENABLE_OBJC_ARC = YES;
				CLANG_ENABLE_OBJC_WEAK = YES;
				CLANG_WARN_BLOCK_CAPTURE_AUTORELEASING = YES;
				CLANG_WARN_BOOL_CONVERSION = YES;
				CLANG_WARN_COMMA = YES;
				CLANG_WARN_CONSTANT_CONVERSION = YES;
				CLANG_WARN_DEPRECATED_OBJC_IMPLEMENTATIONS = YES;
				CLANG_WARN_DIRECT_OBJC_ISA_USAGE = YES_ERROR;
				CLANG_WARN_DOCUMENTATION_COMMENTS = YES;
				CLANG_WARN_EMPTY_BODY = YES;
				CLANG_WARN_ENUM_CONVERSION = YES;
				CLANG_WARN_INFINITE_RECURSION = YES;
				CLANG_WARN_INT_CONVERSION = YES;
				CLANG_WARN_NON_LITERAL_NULL_CONVERSION = YES;
				CLANG_WARN_OBJC_IMPLICIT_RETAIN_SELF = YES;
				CLANG_WARN_OBJC_LITERAL_CONVERSION = YES;
				CLANG_WARN_OBJC_ROOT_CLASS = YES_ERROR;
				CLANG_WARN_RANGE_LOOP_ANALYSIS = YES;
				CLANG_WARN_STRICT_PROTOTYPES = YES;
				CLANG_WARN_SUSPICIOUS_MOVE = YES;
				CLANG_WARN_UNGUARDED_AVAILABILITY = YES_AGGRESSIVE;
				CLANG_WARN_UNREACHABLE_CODE = YES;
				CLANG_WARN__DUPLICATE_METHOD_MATCH = YES;
				CODE_SIGN_IDENTITY = "iPhone Developer";
				COPY_PHASE_STRIP = NO;
				DEBUG_INFORMATION_FORMAT = "dwarf-with-dsym";
				ENABLE_NS_ASSERTIONS = NO;
				ENABLE_STRICT_OBJC_MSGSEND = YES;
				GCC_C_LANGUAGE_STANDARD = gnu11;
				GCC_NO_COMMON_BLOCKS = YES;
				GCC_WARN_64_TO_32_BIT_CONVERSION = YES;
				GCC_WARN_ABOUT_RETURN_TYPE = YES_ERROR;
				GCC_WARN_UNDECLARED_SELECTOR = YES;
				GCC_WARN_UNINITIALIZED_AUTOS = YES_AGGRESSIVE;
				GCC_WARN_UNUSED_FUNCTION = YES;
				GCC_WARN_UNUSED_VARIABLE = YES;
				IPHONEOS_DEPLOYMENT_TARGET = 9.0;
				MTL_ENABLE_DEBUG_INFO = NO;
				SDKROOT = iphoneos;
				VALIDATE_PRODUCT = YES;
			};
			name = Release;
		};
		81A44A112094197C00BE57F1 /* Debug */ = {
			isa = XCBuildConfiguration;
			baseConfigurationReference = 2AC2F90677B4B3D0FB8689C1 /* Pods-HJAvatar.debug.xcconfig */;
			buildSettings = {
				ASSETCATALOG_COMPILER_APPICON_NAME = AppIcon;
				CODE_SIGN_STYLE = Automatic;
				DEVELOPMENT_TEAM = 5J7737A569;
				INFOPLIST_FILE = HJAvatar/Info.plist;
				LD_RUNPATH_SEARCH_PATHS = (
					"$(inherited)",
					"@executable_path/Frameworks",
				);
				PRODUCT_BUNDLE_IDENTIFIER = com.ios119.HJAvatar;
				PRODUCT_NAME = "$(TARGET_NAME)";
				TARGETED_DEVICE_FAMILY = "1,2";
			};
			name = Debug;
		};
		81A44A122094197C00BE57F1 /* Release */ = {
			isa = XCBuildConfiguration;
			baseConfigurationReference = 6957675E187A66C2F25DC348 /* Pods-HJAvatar.release.xcconfig */;
			buildSettings = {
				ASSETCATALOG_COMPILER_APPICON_NAME = AppIcon;
				CODE_SIGN_STYLE = Automatic;
				DEVELOPMENT_TEAM = 5J7737A569;
				INFOPLIST_FILE = HJAvatar/Info.plist;
				LD_RUNPATH_SEARCH_PATHS = (
					"$(inherited)",
					"@executable_path/Frameworks",
				);
				PRODUCT_BUNDLE_IDENTIFIER = com.ios119.HJAvatar;
				PRODUCT_NAME = "$(TARGET_NAME)";
				TARGETED_DEVICE_FAMILY = "1,2";
			};
			name = Release;
		};
/* End XCBuildConfiguration section */

/* Begin XCConfigurationList section */
		81A449F52094197B00BE57F1 /* Build configuration list for PBXProject "HJAvatar" */ = {
			isa = XCConfigurationList;
			buildConfigurations = (
				81A44A0E2094197C00BE57F1 /* Debug */,
				81A44A0F2094197C00BE57F1 /* Release */,
			);
			defaultConfigurationIsVisible = 0;
			defaultConfigurationName = Release;
		};
		81A44A102094197C00BE57F1 /* Build configuration list for PBXNativeTarget "HJAvatar" */ = {
			isa = XCConfigurationList;
			buildConfigurations = (
				81A44A112094197C00BE57F1 /* Debug */,
				81A44A122094197C00BE57F1 /* Release */,
			);
			defaultConfigurationIsVisible = 0;
			defaultConfigurationName = Release;
		};
/* End XCConfigurationList section */
	};
	rootObject = 81A449F22094197B00BE57F1 /* Project object */;
}
